{
    "_readme": [
        "This file locks the dependencies of your project to a known state",
        "Read more about it at https://getcomposer.org/doc/01-basic-usage.md#composer-lock-the-lock-file",
        "This file is @generated automatically"
    ],
    "hash": "220d83e96ad26faaedbd04fbb550ffbf",
    "content-hash": "c3debd9fb09ecfde75d475edd902bdf2",
    "packages": [
        {
            "name": "addwiki/mediawiki-api",
            "version": "0.5.1",
            "source": {
                "type": "git",
                "url": "https://github.com/addwiki/mediawiki-api.git",
                "reference": "6e966d299430c65356cf50126581710e30313fd4"
            },
            "dist": {
                "type": "zip",
                "url": "https://api.github.com/repos/addwiki/mediawiki-api/zipball/6e966d299430c65356cf50126581710e30313fd4",
                "reference": "6e966d299430c65356cf50126581710e30313fd4",
                "shasum": ""
            },
            "require": {
                "addwiki/mediawiki-api-base": "~1.0",
                "addwiki/mediawiki-datamodel": "~0.6.0"
            },
            "type": "library",
            "extra": {
                "branch-alias": {
                    "dev-master": "0.5.x-dev"
                }
            },
            "autoload": {
                "psr-4": {
                    "Mediawiki\\Api\\": "src/"
                }
            },
            "notification-url": "https://packagist.org/downloads/",
            "license": [
                "GPL-2.0+"
            ],
            "authors": [
                {
                    "name": "Addshore"
                }
            ],
            "description": "A Mediawiki api lib",
            "keywords": [
                "mediawiki"
            ],
            "time": "2015-09-07 14:31:18"
        },
        {
            "name": "addwiki/mediawiki-api-base",
            "version": "1.1.1",
            "source": {
                "type": "git",
                "url": "https://github.com/addwiki/mediawiki-api-base.git",
                "reference": "abe560ccef154ef6f9142b1498c3bc19fc41baa7"
            },
            "dist": {
                "type": "zip",
                "url": "https://api.github.com/repos/addwiki/mediawiki-api-base/zipball/abe560ccef154ef6f9142b1498c3bc19fc41baa7",
                "reference": "abe560ccef154ef6f9142b1498c3bc19fc41baa7",
                "shasum": ""
            },
            "require": {
                "guzzlehttp/guzzle": "~5.0",
                "guzzlehttp/retry-subscriber": "~2.0",
                "psr/log": "~1.0"
            },
            "type": "library",
            "autoload": {
                "psr-4": {
                    "Mediawiki\\Api\\": "src/"
                }
            },
            "notification-url": "https://packagist.org/downloads/",
            "license": [
                "GPL-2.0+"
            ],
            "authors": [
                {
                    "name": "Addshore"
                }
            ],
            "description": "A basic Mediawiki api base lib",
            "keywords": [
                "mediawiki"
            ],
            "time": "2016-07-20 08:49:18"
        },
        {
            "name": "addwiki/mediawiki-datamodel",
            "version": "0.6",
            "source": {
                "type": "git",
                "url": "https://github.com/addwiki/mediawiki-datamodel.git",
                "reference": "bbc2603db84c87e098907039de060c75d971b5f4"
            },
            "dist": {
                "type": "zip",
                "url": "https://api.github.com/repos/addwiki/mediawiki-datamodel/zipball/bbc2603db84c87e098907039de060c75d971b5f4",
                "reference": "bbc2603db84c87e098907039de060c75d971b5f4",
                "shasum": ""
            },
            "type": "library",
            "extra": {
                "branch-alias": {
                    "dev-master": "0.6.x-dev"
                }
            },
            "autoload": {
                "psr-4": {
                    "Mediawiki\\DataModel\\": "src/"
                }
            },
            "notification-url": "https://packagist.org/downloads/",
            "license": [
                "GPL-2.0+"
            ],
            "authors": [
                {
                    "name": "Addshore"
                }
            ],
            "description": "A Mediawiki datamodel",
            "keywords": [
                "mediawiki"
            ],
            "time": "2015-09-04 12:48:13"
        },
        {
            "name": "archi-strasbourg/archi-wiki",
            "version": "dev-dev",
            "source": {
                "type": "git",
                "url": "https://github.com/Archi-Strasbourg/archi-wiki.git",
                "reference": "e7b59e49d155839a1ec7841825dc64e8a7892b1a"
            },
            "dist": {
                "type": "zip",
                "url": "https://api.github.com/repos/Archi-Strasbourg/archi-wiki/zipball/e7b59e49d155839a1ec7841825dc64e8a7892b1a",
                "reference": "e7b59e49d155839a1ec7841825dc64e8a7892b1a",
                "shasum": ""
            },
            "require": {
                "eventviva/php-image-resize": "~1.5.2"
            },
            "require-dev": {
                "symfony/var-dumper": "~3.1.0"
            },
            "type": "library",
            "autoload": {
                "classmap": [
                    "modules/archi/includes/"
                ],
                "files": [
                    "includes/framework/config.class.php"
                ]
            },
            "notification-url": "https://packagist.org/downloads/",
            "license": [
                "GPL-3.0"
            ],
            "description": "Source code for http://archi-strasbourg.org/",
            "time": "2016-10-10 20:43:01"
        },
        {
            "name": "eventviva/php-image-resize",
            "version": "1.5.5",
            "source": {
                "type": "git",
                "url": "https://github.com/eventviva/php-image-resize.git",
                "reference": "87e7200ad2e24beb9ec9862f6f2c11d93dee8838"
            },
            "dist": {
                "type": "zip",
                "url": "https://api.github.com/repos/eventviva/php-image-resize/zipball/87e7200ad2e24beb9ec9862f6f2c11d93dee8838",
                "reference": "87e7200ad2e24beb9ec9862f6f2c11d93dee8838",
                "shasum": ""
            },
            "require": {
                "ext-exif": "*",
                "ext-gd": "*",
                "php": ">=5.3.0"
            },
            "type": "library",
            "autoload": {
                "classmap": [
                    "src"
                ]
            },
            "notification-url": "https://packagist.org/downloads/",
            "license": [
                "MIT"
            ],
            "authors": [
                {
                    "name": "Aditya Patadia",
                    "homepage": "http://aditya.patadia.org/"
                }
            ],
            "description": "PHP class to re-size and scale images",
            "homepage": "https://github.com/eventviva/php-image-resize",
            "keywords": [
                "image",
                "php",
                "resize",
                "scale"
            ],
            "time": "2016-08-17 17:41:24"
        },
        {
            "name": "guzzlehttp/guzzle",
            "version": "5.3.1",
            "source": {
                "type": "git",
                "url": "https://github.com/guzzle/guzzle.git",
                "reference": "70f1fa53b71c4647bf2762c09068a95f77e12fb8"
            },
            "dist": {
                "type": "zip",
                "url": "https://api.github.com/repos/guzzle/guzzle/zipball/70f1fa53b71c4647bf2762c09068a95f77e12fb8",
                "reference": "70f1fa53b71c4647bf2762c09068a95f77e12fb8",
                "shasum": ""
            },
            "require": {
                "guzzlehttp/ringphp": "^1.1",
                "php": ">=5.4.0"
            },
            "require-dev": {
                "ext-curl": "*",
                "phpunit/phpunit": "^4.0"
            },
            "type": "library",
            "autoload": {
                "psr-4": {
                    "GuzzleHttp\\": "src/"
                }
            },
            "notification-url": "https://packagist.org/downloads/",
            "license": [
                "MIT"
            ],
            "authors": [
                {
                    "name": "Michael Dowling",
                    "email": "mtdowling@gmail.com",
                    "homepage": "https://github.com/mtdowling"
                }
            ],
            "description": "Guzzle is a PHP HTTP client library and framework for building RESTful web service clients",
            "homepage": "http://guzzlephp.org/",
            "keywords": [
                "client",
                "curl",
                "framework",
                "http",
                "http client",
                "rest",
                "web service"
            ],
            "time": "2016-07-15 19:28:39"
        },
        {
            "name": "guzzlehttp/retry-subscriber",
            "version": "2.0.2",
            "source": {
                "type": "git",
                "url": "https://github.com/guzzle/retry-subscriber.git",
                "reference": "f13a4c640b823e9eaf06975d8e8981f9551250e8"
            },
            "dist": {
                "type": "zip",
                "url": "https://api.github.com/repos/guzzle/retry-subscriber/zipball/f13a4c640b823e9eaf06975d8e8981f9551250e8",
                "reference": "f13a4c640b823e9eaf06975d8e8981f9551250e8",
                "shasum": ""
            },
            "require": {
                "guzzlehttp/guzzle": "~5.1",
                "php": ">=5.4.0"
            },
            "require-dev": {
                "guzzlehttp/log-subscriber": "~1.0",
                "phpunit/phpunit": "~4.0"
            },
            "type": "library",
            "extra": {
                "branch-alias": {
                    "dev-master": "1.0-dev"
                }
            },
            "autoload": {
                "psr-4": {
                    "GuzzleHttp\\Subscriber\\Retry\\": "src/"
                }
            },
            "notification-url": "https://packagist.org/downloads/",
            "license": [
                "MIT"
            ],
            "authors": [
                {
                    "name": "Michael Dowling",
                    "email": "mtdowling@gmail.com",
                    "homepage": "https://github.com/mtdowling"
                }
            ],
            "description": "Retries failed HTTP requests using customizable retry strategies (Guzzle 4+)",
            "homepage": "http://guzzlephp.org/",
            "keywords": [
                "Guzzle",
                "http",
                "retry"
            ],
            "time": "2014-12-19 20:42:37"
        },
        {
            "name": "guzzlehttp/ringphp",
            "version": "1.1.0",
            "source": {
                "type": "git",
                "url": "https://github.com/guzzle/RingPHP.git",
                "reference": "dbbb91d7f6c191e5e405e900e3102ac7f261bc0b"
            },
            "dist": {
                "type": "zip",
                "url": "https://api.github.com/repos/guzzle/RingPHP/zipball/dbbb91d7f6c191e5e405e900e3102ac7f261bc0b",
                "reference": "dbbb91d7f6c191e5e405e900e3102ac7f261bc0b",
                "shasum": ""
            },
            "require": {
                "guzzlehttp/streams": "~3.0",
                "php": ">=5.4.0",
                "react/promise": "~2.0"
            },
            "require-dev": {
                "ext-curl": "*",
                "phpunit/phpunit": "~4.0"
            },
            "suggest": {
                "ext-curl": "Guzzle will use specific adapters if cURL is present"
            },
            "type": "library",
            "extra": {
                "branch-alias": {
                    "dev-master": "1.1-dev"
                }
            },
            "autoload": {
                "psr-4": {
                    "GuzzleHttp\\Ring\\": "src/"
                }
            },
            "notification-url": "https://packagist.org/downloads/",
            "license": [
                "MIT"
            ],
            "authors": [
                {
                    "name": "Michael Dowling",
                    "email": "mtdowling@gmail.com",
                    "homepage": "https://github.com/mtdowling"
                }
            ],
            "description": "Provides a simple API and specification that abstracts away the details of HTTP into a single PHP function.",
            "time": "2015-05-20 03:37:09"
        },
        {
            "name": "guzzlehttp/streams",
            "version": "3.0.0",
            "source": {
                "type": "git",
                "url": "https://github.com/guzzle/streams.git",
                "reference": "47aaa48e27dae43d39fc1cea0ccf0d84ac1a2ba5"
            },
            "dist": {
                "type": "zip",
                "url": "https://api.github.com/repos/guzzle/streams/zipball/47aaa48e27dae43d39fc1cea0ccf0d84ac1a2ba5",
                "reference": "47aaa48e27dae43d39fc1cea0ccf0d84ac1a2ba5",
                "shasum": ""
            },
            "require": {
                "php": ">=5.4.0"
            },
            "require-dev": {
                "phpunit/phpunit": "~4.0"
            },
            "type": "library",
            "extra": {
                "branch-alias": {
                    "dev-master": "3.0-dev"
                }
            },
            "autoload": {
                "psr-4": {
                    "GuzzleHttp\\Stream\\": "src/"
                }
            },
            "notification-url": "https://packagist.org/downloads/",
            "license": [
                "MIT"
            ],
            "authors": [
                {
                    "name": "Michael Dowling",
                    "email": "mtdowling@gmail.com",
                    "homepage": "https://github.com/mtdowling"
                }
            ],
            "description": "Provides a simple abstraction over streams of data",
            "homepage": "http://guzzlephp.org/",
            "keywords": [
                "Guzzle",
                "stream"
            ],
            "time": "2014-10-12 19:18:40"
        },
        {
            "name": "psr/log",
            "version": "1.0.2",
            "source": {
                "type": "git",
                "url": "https://github.com/php-fig/log.git",
                "reference": "4ebe3a8bf773a19edfe0a84b6585ba3d401b724d"
            },
            "dist": {
                "type": "zip",
                "url": "https://api.github.com/repos/php-fig/log/zipball/4ebe3a8bf773a19edfe0a84b6585ba3d401b724d",
                "reference": "4ebe3a8bf773a19edfe0a84b6585ba3d401b724d",
                "shasum": ""
            },
            "require": {
                "php": ">=5.3.0"
            },
            "type": "library",
            "extra": {
                "branch-alias": {
                    "dev-master": "1.0.x-dev"
                }
            },
            "autoload": {
                "psr-4": {
                    "Psr\\Log\\": "Psr/Log/"
                }
            },
            "notification-url": "https://packagist.org/downloads/",
            "license": [
                "MIT"
            ],
            "authors": [
                {
                    "name": "PHP-FIG",
                    "homepage": "http://www.php-fig.org/"
                }
            ],
            "description": "Common interface for logging libraries",
            "homepage": "https://github.com/php-fig/log",
            "keywords": [
                "log",
                "psr",
                "psr-3"
            ],
            "time": "2016-10-10 12:19:37"
        },
        {
            "name": "ptachoire/process-builder-chain",
            "version": "1.2.0",
            "source": {
                "type": "git",
                "url": "https://github.com/krichprollsch/process-builder-chain.git",
                "reference": "465055dbcc3b5ef792a768df935571551de4781a"
            },
            "dist": {
                "type": "zip",
                "url": "https://api.github.com/repos/krichprollsch/process-builder-chain/zipball/465055dbcc3b5ef792a768df935571551de4781a",
                "reference": "465055dbcc3b5ef792a768df935571551de4781a",
                "shasum": ""
            },
            "require": {
                "symfony/process": "~2.5 || ~3.0"
            },
            "type": "library",
            "autoload": {
                "psr-0": {
                    "Chain": "src/"
                }
            },
            "notification-url": "https://packagist.org/downloads/",
            "license": [
                "MIT"
            ],
            "authors": [
                {
                    "name": "Pierre Tachoire",
                    "email": "pierre.tachoire@gmail.com"
                }
            ],
            "description": "Add ability to chain symfony processes",
            "time": "2016-04-10 08:33:20"
        },
        {
            "name": "react/promise",
            "version": "v2.4.1",
            "source": {
                "type": "git",
                "url": "https://github.com/reactphp/promise.git",
                "reference": "8025426794f1944de806618671d4fa476dc7626f"
            },
            "dist": {
                "type": "zip",
                "url": "https://api.github.com/repos/reactphp/promise/zipball/8025426794f1944de806618671d4fa476dc7626f",
                "reference": "8025426794f1944de806618671d4fa476dc7626f",
                "shasum": ""
            },
            "require": {
                "php": ">=5.4.0"
            },
            "type": "library",
            "extra": {
                "branch-alias": {
                    "dev-master": "2.0-dev"
                }
            },
            "autoload": {
                "psr-4": {
                    "React\\Promise\\": "src/"
                },
                "files": [
                    "src/functions_include.php"
                ]
            },
            "notification-url": "https://packagist.org/downloads/",
            "license": [
                "MIT"
            ],
            "authors": [
                {
                    "name": "Jan Sorgalla",
                    "email": "jsorgalla@gmail.com"
                }
            ],
            "description": "A lightweight implementation of CommonJS Promises/A for PHP",
            "time": "2016-05-03 17:50:52"
        },
        {
            "name": "symfony/console",
            "version": "v3.1.5",
            "source": {
                "type": "git",
                "url": "https://github.com/symfony/console.git",
                "reference": "6cb0872fb57b38b3b09ff213c21ed693956b9eb0"
            },
            "dist": {
                "type": "zip",
                "url": "https://api.github.com/repos/symfony/console/zipball/6cb0872fb57b38b3b09ff213c21ed693956b9eb0",
                "reference": "6cb0872fb57b38b3b09ff213c21ed693956b9eb0",
                "shasum": ""
            },
            "require": {
                "php": ">=5.5.9",
                "symfony/debug": "~2.8|~3.0",
                "symfony/polyfill-mbstring": "~1.0"
            },
            "require-dev": {
                "psr/log": "~1.0",
                "symfony/event-dispatcher": "~2.8|~3.0",
                "symfony/process": "~2.8|~3.0"
            },
            "suggest": {
                "psr/log": "For using the console logger",
                "symfony/event-dispatcher": "",
                "symfony/process": ""
            },
            "type": "library",
            "extra": {
                "branch-alias": {
                    "dev-master": "3.1-dev"
                }
            },
            "autoload": {
                "psr-4": {
                    "Symfony\\Component\\Console\\": ""
                },
                "exclude-from-classmap": [
                    "/Tests/"
                ]
            },
            "notification-url": "https://packagist.org/downloads/",
            "license": [
                "MIT"
            ],
            "authors": [
                {
                    "name": "Fabien Potencier",
                    "email": "fabien@symfony.com"
                },
                {
                    "name": "Symfony Community",
                    "homepage": "https://symfony.com/contributors"
                }
            ],
            "description": "Symfony Console Component",
            "homepage": "https://symfony.com",
            "time": "2016-09-28 00:11:12"
        },
        {
            "name": "symfony/debug",
            "version": "v3.1.5",
            "source": {
                "type": "git",
                "url": "https://github.com/symfony/debug.git",
                "reference": "e2b3f74a67fc928adc3c1b9027f73e1bc01190a8"
            },
            "dist": {
                "type": "zip",
                "url": "https://api.github.com/repos/symfony/debug/zipball/e2b3f74a67fc928adc3c1b9027f73e1bc01190a8",
                "reference": "e2b3f74a67fc928adc3c1b9027f73e1bc01190a8",
                "shasum": ""
            },
            "require": {
                "php": ">=5.5.9",
                "psr/log": "~1.0"
            },
            "conflict": {
                "symfony/http-kernel": ">=2.3,<2.3.24|~2.4.0|>=2.5,<2.5.9|>=2.6,<2.6.2"
            },
            "require-dev": {
                "symfony/class-loader": "~2.8|~3.0",
                "symfony/http-kernel": "~2.8|~3.0"
            },
            "type": "library",
            "extra": {
                "branch-alias": {
                    "dev-master": "3.1-dev"
                }
            },
            "autoload": {
                "psr-4": {
                    "Symfony\\Component\\Debug\\": ""
                },
                "exclude-from-classmap": [
                    "/Tests/"
                ]
            },
            "notification-url": "https://packagist.org/downloads/",
            "license": [
                "MIT"
            ],
            "authors": [
                {
                    "name": "Fabien Potencier",
                    "email": "fabien@symfony.com"
                },
                {
                    "name": "Symfony Community",
                    "homepage": "https://symfony.com/contributors"
                }
            ],
            "description": "Symfony Debug Component",
            "homepage": "https://symfony.com",
            "time": "2016-09-06 11:02:40"
        },
        {
            "name": "symfony/polyfill-mbstring",
            "version": "v1.2.0",
            "source": {
                "type": "git",
                "url": "https://github.com/symfony/polyfill-mbstring.git",
                "reference": "dff51f72b0706335131b00a7f49606168c582594"
            },
            "dist": {
                "type": "zip",
                "url": "https://api.github.com/repos/symfony/polyfill-mbstring/zipball/dff51f72b0706335131b00a7f49606168c582594",
                "reference": "dff51f72b0706335131b00a7f49606168c582594",
                "shasum": ""
            },
            "require": {
                "php": ">=5.3.3"
            },
            "suggest": {
                "ext-mbstring": "For best performance"
            },
            "type": "library",
            "extra": {
                "branch-alias": {
                    "dev-master": "1.2-dev"
                }
            },
            "autoload": {
                "psr-4": {
                    "Symfony\\Polyfill\\Mbstring\\": ""
                },
                "files": [
                    "bootstrap.php"
                ]
            },
            "notification-url": "https://packagist.org/downloads/",
            "license": [
                "MIT"
            ],
            "authors": [
                {
                    "name": "Nicolas Grekas",
                    "email": "p@tchwork.com"
                },
                {
                    "name": "Symfony Community",
                    "homepage": "https://symfony.com/contributors"
                }
            ],
            "description": "Symfony polyfill for the Mbstring extension",
            "homepage": "https://symfony.com",
            "keywords": [
                "compatibility",
                "mbstring",
                "polyfill",
                "portable",
                "shim"
            ],
            "time": "2016-05-18 14:26:46"
        },
        {
            "name": "symfony/process",
            "version": "v3.1.5",
            "source": {
                "type": "git",
                "url": "https://github.com/symfony/process.git",
                "reference": "66de154ae86b1a07001da9fbffd620206e4faf94"
            },
            "dist": {
                "type": "zip",
                "url": "https://api.github.com/repos/symfony/process/zipball/66de154ae86b1a07001da9fbffd620206e4faf94",
                "reference": "66de154ae86b1a07001da9fbffd620206e4faf94",
                "shasum": ""
            },
            "require": {
                "php": ">=5.5.9"
            },
            "type": "library",
            "extra": {
                "branch-alias": {
                    "dev-master": "3.1-dev"
                }
            },
            "autoload": {
                "psr-4": {
                    "Symfony\\Component\\Process\\": ""
                },
                "exclude-from-classmap": [
                    "/Tests/"
                ]
            },
            "notification-url": "https://packagist.org/downloads/",
            "license": [
                "MIT"
            ],
            "authors": [
                {
                    "name": "Fabien Potencier",
                    "email": "fabien@symfony.com"
                },
                {
                    "name": "Symfony Community",
                    "homepage": "https://symfony.com/contributors"
                }
            ],
            "description": "Symfony Process Component",
            "homepage": "https://symfony.com",
            "time": "2016-09-29 14:13:09"
        },
        {
            "name": "symfony/yaml",
            "version": "v3.1.5",
            "source": {
                "type": "git",
                "url": "https://github.com/symfony/yaml.git",
                "reference": "368b9738d4033c8b93454cb0dbd45d305135a6d3"
            },
            "dist": {
                "type": "zip",
                "url": "https://api.github.com/repos/symfony/yaml/zipball/368b9738d4033c8b93454cb0dbd45d305135a6d3",
                "reference": "368b9738d4033c8b93454cb0dbd45d305135a6d3",
                "shasum": ""
            },
            "require": {
                "php": ">=5.5.9"
            },
            "type": "library",
            "extra": {
                "branch-alias": {
                    "dev-master": "3.1-dev"
                }
            },
            "autoload": {
                "psr-4": {
                    "Symfony\\Component\\Yaml\\": ""
                },
                "exclude-from-classmap": [
                    "/Tests/"
                ]
            },
            "notification-url": "https://packagist.org/downloads/",
            "license": [
                "MIT"
            ],
            "authors": [
                {
                    "name": "Fabien Potencier",
                    "email": "fabien@symfony.com"
                },
                {
                    "name": "Symfony Community",
                    "homepage": "https://symfony.com/contributors"
                }
            ],
            "description": "Symfony Yaml Component",
            "homepage": "https://symfony.com",
            "time": "2016-09-25 08:27:07"
        }
    ],
    "packages-dev": [
        {
            "name": "squizlabs/php_codesniffer",
            "version": "2.7.0",
            "source": {
                "type": "git",
                "url": "https://github.com/squizlabs/PHP_CodeSniffer.git",
                "reference": "571e27b6348e5b3a637b2abc82ac0d01e6d7bbed"
            },
            "dist": {
                "type": "zip",
                "url": "https://api.github.com/repos/squizlabs/PHP_CodeSniffer/zipball/571e27b6348e5b3a637b2abc82ac0d01e6d7bbed",
                "reference": "571e27b6348e5b3a637b2abc82ac0d01e6d7bbed",
                "shasum": ""
            },
            "require": {
                "ext-simplexml": "*",
                "ext-tokenizer": "*",
                "ext-xmlwriter": "*",
                "php": ">=5.1.2"
            },
            "require-dev": {
                "phpunit/phpunit": "~4.0"
            },
            "bin": [
                "scripts/phpcs",
                "scripts/phpcbf"
            ],
            "type": "library",
            "extra": {
                "branch-alias": {
                    "dev-master": "2.x-dev"
                }
            },
            "autoload": {
                "classmap": [
                    "CodeSniffer.php",
                    "CodeSniffer/CLI.php",
                    "CodeSniffer/Exception.php",
                    "CodeSniffer/File.php",
                    "CodeSniffer/Fixer.php",
                    "CodeSniffer/Report.php",
                    "CodeSniffer/Reporting.php",
                    "CodeSniffer/Sniff.php",
                    "CodeSniffer/Tokens.php",
                    "CodeSniffer/Reports/",
                    "CodeSniffer/Tokenizers/",
                    "CodeSniffer/DocGenerators/",
                    "CodeSniffer/Standards/AbstractPatternSniff.php",
                    "CodeSniffer/Standards/AbstractScopeSniff.php",
                    "CodeSniffer/Standards/AbstractVariableSniff.php",
                    "CodeSniffer/Standards/IncorrectPatternException.php",
                    "CodeSniffer/Standards/Generic/Sniffs/",
                    "CodeSniffer/Standards/MySource/Sniffs/",
                    "CodeSniffer/Standards/PEAR/Sniffs/",
                    "CodeSniffer/Standards/PSR1/Sniffs/",
                    "CodeSniffer/Standards/PSR2/Sniffs/",
                    "CodeSniffer/Standards/Squiz/Sniffs/",
                    "CodeSniffer/Standards/Zend/Sniffs/"
                ]
            },
            "notification-url": "https://packagist.org/downloads/",
            "license": [
                "BSD-3-Clause"
            ],
            "authors": [
                {
                    "name": "Greg Sherwood",
                    "role": "lead"
                }
            ],
            "description": "PHP_CodeSniffer tokenizes PHP, JavaScript and CSS files and detects violations of a defined set of coding standards.",
            "homepage": "http://www.squizlabs.com/php-codesniffer",
            "keywords": [
                "phpcs",
                "standards"
            ],
            "time": "2016-09-01 23:53:02"
        },
        {
            "name": "symfony/var-dumper",
            "version": "v3.1.5",
            "source": {
                "type": "git",
                "url": "https://github.com/symfony/var-dumper.git",
                "reference": "70bfe927b86ba9999aeebd829715b0bb2cd39a10"
            },
            "dist": {
                "type": "zip",
                "url": "https://api.github.com/repos/symfony/var-dumper/zipball/70bfe927b86ba9999aeebd829715b0bb2cd39a10",
                "reference": "70bfe927b86ba9999aeebd829715b0bb2cd39a10",
                "shasum": ""
            },
            "require": {
                "php": ">=5.5.9",
                "symfony/polyfill-mbstring": "~1.0"
            },
            "require-dev": {
                "twig/twig": "~1.20|~2.0"
            },
            "suggest": {
                "ext-symfony_debug": ""
            },
            "type": "library",
            "extra": {
                "branch-alias": {
                    "dev-master": "3.1-dev"
                }
            },
            "autoload": {
                "files": [
                    "Resources/functions/dump.php"
                ],
                "psr-4": {
                    "Symfony\\Component\\VarDumper\\": ""
                },
                "exclude-from-classmap": [
                    "/Tests/"
                ]
            },
            "notification-url": "https://packagist.org/downloads/",
            "license": [
                "MIT"
            ],
            "authors": [
                {
                    "name": "Nicolas Grekas",
                    "email": "p@tchwork.com"
                },
                {
                    "name": "Symfony Community",
                    "homepage": "https://symfony.com/contributors"
                }
            ],
            "description": "Symfony mechanism for exploring and dumping PHP variables",
            "homepage": "https://symfony.com",
            "keywords": [
                "debug",
                "dump"
            ],
            "time": "2016-09-29 14:13:09"
        }
    ],
    "aliases": [],
    "minimum-stability": "stable",
    "stability-flags": {
        "archi-strasbourg/archi-wiki": 20
    },
    "prefer-stable": false,
    "prefer-lowest": false,
    "platform": [],
    "platform-dev": []
}
