{
    "_readme": [
        "This file locks the dependencies of your project to a known state",
        "Read more about it at https://getcomposer.org/doc/01-basic-usage.md#composer-lock-the-lock-file",
        "This file is @generated automatically"
    ],
    "hash": "bdc6a9c55899785f05b67e7daa947b62",
    "content-hash": "d423cf02e4a397e9a88f75614f0cd09c",
    "packages": [
        {
            "name": "addwiki/mediawiki-api",
            "version": "0.5.1",
            "source": {
                "type": "git",
                "url": "https://github.com/addwiki/mediawiki-api.git",
                "reference": "6e966d299430c65356cf50126581710e30313fd4"
            },
            "dist": {
                "type": "zip",
                "url": "https://api.github.com/repos/addwiki/mediawiki-api/zipball/6e966d299430c65356cf50126581710e30313fd4",
                "reference": "6e966d299430c65356cf50126581710e30313fd4",
                "shasum": ""
            },
            "require": {
                "addwiki/mediawiki-api-base": "~1.0",
                "addwiki/mediawiki-datamodel": "~0.6.0"
            },
            "type": "library",
            "extra": {
                "branch-alias": {
                    "dev-master": "0.5.x-dev"
                }
            },
            "autoload": {
                "psr-4": {
                    "Mediawiki\\Api\\": "src/"
                }
            },
            "notification-url": "https://packagist.org/downloads/",
            "license": [
                "GPL-2.0+"
            ],
            "authors": [
                {
                    "name": "Addshore"
                }
            ],
            "description": "A Mediawiki api lib",
            "keywords": [
                "mediawiki"
            ],
            "time": "2015-09-07 14:31:18"
        },
        {
            "name": "addwiki/mediawiki-api-base",
            "version": "1.1.0",
            "source": {
                "type": "git",
                "url": "https://github.com/addwiki/mediawiki-api-base.git",
                "reference": "75e5fe02f38b38974bc75c41da8878266f221cad"
            },
            "dist": {
                "type": "zip",
                "url": "https://api.github.com/repos/addwiki/mediawiki-api-base/zipball/75e5fe02f38b38974bc75c41da8878266f221cad",
                "reference": "75e5fe02f38b38974bc75c41da8878266f221cad",
                "shasum": ""
            },
            "require": {
                "guzzlehttp/guzzle": "~5.0",
                "guzzlehttp/retry-subscriber": "~2.0",
                "psr/log": "~1.0"
            },
            "type": "library",
            "autoload": {
                "psr-4": {
                    "Mediawiki\\Api\\": "src/"
                }
            },
            "notification-url": "https://packagist.org/downloads/",
            "license": [
                "GPL-2.0+"
            ],
            "authors": [
                {
                    "name": "Addshore"
                }
            ],
            "description": "A basic Mediawiki api base lib",
            "keywords": [
                "mediawiki"
            ],
            "time": "2015-09-05 12:12:34"
        },
        {
            "name": "addwiki/mediawiki-datamodel",
            "version": "0.6",
            "source": {
                "type": "git",
                "url": "https://github.com/addwiki/mediawiki-datamodel.git",
                "reference": "bbc2603db84c87e098907039de060c75d971b5f4"
            },
            "dist": {
                "type": "zip",
                "url": "https://api.github.com/repos/addwiki/mediawiki-datamodel/zipball/bbc2603db84c87e098907039de060c75d971b5f4",
                "reference": "bbc2603db84c87e098907039de060c75d971b5f4",
                "shasum": ""
            },
            "type": "library",
            "extra": {
                "branch-alias": {
                    "dev-master": "0.6.x-dev"
                }
            },
            "autoload": {
                "psr-4": {
                    "Mediawiki\\DataModel\\": "src/"
                }
            },
            "notification-url": "https://packagist.org/downloads/",
            "license": [
                "GPL-2.0+"
            ],
            "authors": [
                {
                    "name": "Addshore"
                }
            ],
            "description": "A Mediawiki datamodel",
            "keywords": [
                "mediawiki"
            ],
            "time": "2015-09-04 12:48:13"
        },
        {
            "name": "archi-strasbourg/archi-wiki",
            "version": "dev-dev",
            "source": {
                "type": "git",
                "url": "https://github.com/Archi-Strasbourg/archi-wiki.git",
                "reference": "e5859ae35492e641aba80139975d36d8dd4f114d"
            },
            "dist": {
                "type": "zip",
                "url": "https://api.github.com/repos/Archi-Strasbourg/archi-wiki/zipball/e5859ae35492e641aba80139975d36d8dd4f114d",
                "reference": "e5859ae35492e641aba80139975d36d8dd4f114d",
                "shasum": ""
            },
            "require": {
                "eventviva/php-image-resize": "~1.5.2"
            },
            "require-dev": {
                "symfony/var-dumper": "~3.0.1"
            },
            "type": "library",
            "autoload": {
                "classmap": [
                    "modules/archi/includes/"
                ],
                "files": [
                    "includes/framework/config.class.php"
                ]
            },
            "notification-url": "https://packagist.org/downloads/",
            "license": [
                "GPL-3.0"
            ],
            "description": "Source code for http://archi-strasbourg.org/",
            "time": "2016-01-23 16:47:40"
        },
        {
            "name": "eventviva/php-image-resize",
            "version": "1.5.2",
            "source": {
                "type": "git",
                "url": "https://github.com/eventviva/php-image-resize.git",
                "reference": "683a80e76908fd1c53cd2fd7f638df39d6ebfcb5"
            },
            "dist": {
                "type": "zip",
                "url": "https://api.github.com/repos/eventviva/php-image-resize/zipball/683a80e76908fd1c53cd2fd7f638df39d6ebfcb5",
                "reference": "683a80e76908fd1c53cd2fd7f638df39d6ebfcb5",
                "shasum": ""
            },
            "require": {
                "ext-gd": "*",
                "php": ">=5.3.0"
            },
            "type": "library",
            "autoload": {
                "classmap": [
                    "src"
                ]
            },
            "notification-url": "https://packagist.org/downloads/",
            "license": [
                "MIT"
            ],
            "authors": [
                {
                    "name": "Aditya Patadia",
                    "homepage": "http://aditya.patadia.org/"
                }
            ],
            "description": "PHP class to re-size and scale images",
            "homepage": "https://github.com/eventviva/php-image-resize",
            "keywords": [
                "image",
                "php",
                "resize",
                "scale"
            ],
            "time": "2016-01-06 18:04:49"
        },
        {
            "name": "guzzlehttp/guzzle",
            "version": "5.3.0",
            "source": {
                "type": "git",
                "url": "https://github.com/guzzle/guzzle.git",
                "reference": "f3c8c22471cb55475105c14769644a49c3262b93"
            },
            "dist": {
                "type": "zip",
                "url": "https://api.github.com/repos/guzzle/guzzle/zipball/f3c8c22471cb55475105c14769644a49c3262b93",
                "reference": "f3c8c22471cb55475105c14769644a49c3262b93",
                "shasum": ""
            },
            "require": {
                "guzzlehttp/ringphp": "^1.1",
                "php": ">=5.4.0"
            },
            "require-dev": {
                "ext-curl": "*",
                "phpunit/phpunit": "^4.0",
                "psr/log": "^1.0"
            },
            "type": "library",
            "extra": {
                "branch-alias": {
                    "dev-master": "5.0-dev"
                }
            },
            "autoload": {
                "psr-4": {
                    "GuzzleHttp\\": "src/"
                }
            },
            "notification-url": "https://packagist.org/downloads/",
            "license": [
                "MIT"
            ],
            "authors": [
                {
                    "name": "Michael Dowling",
                    "email": "mtdowling@gmail.com",
                    "homepage": "https://github.com/mtdowling"
                }
            ],
            "description": "Guzzle is a PHP HTTP client library and framework for building RESTful web service clients",
            "homepage": "http://guzzlephp.org/",
            "keywords": [
                "client",
                "curl",
                "framework",
                "http",
                "http client",
                "rest",
                "web service"
            ],
            "time": "2015-05-20 03:47:55"
        },
        {
            "name": "guzzlehttp/retry-subscriber",
            "version": "2.0.2",
            "source": {
                "type": "git",
                "url": "https://github.com/guzzle/retry-subscriber.git",
                "reference": "f13a4c640b823e9eaf06975d8e8981f9551250e8"
            },
            "dist": {
                "type": "zip",
                "url": "https://api.github.com/repos/guzzle/retry-subscriber/zipball/f13a4c640b823e9eaf06975d8e8981f9551250e8",
                "reference": "f13a4c640b823e9eaf06975d8e8981f9551250e8",
                "shasum": ""
            },
            "require": {
                "guzzlehttp/guzzle": "~5.1",
                "php": ">=5.4.0"
            },
            "require-dev": {
                "guzzlehttp/log-subscriber": "~1.0",
                "phpunit/phpunit": "~4.0"
            },
            "type": "library",
            "extra": {
                "branch-alias": {
                    "dev-master": "1.0-dev"
                }
            },
            "autoload": {
                "psr-4": {
                    "GuzzleHttp\\Subscriber\\Retry\\": "src/"
                }
            },
            "notification-url": "https://packagist.org/downloads/",
            "license": [
                "MIT"
            ],
            "authors": [
                {
                    "name": "Michael Dowling",
                    "email": "mtdowling@gmail.com",
                    "homepage": "https://github.com/mtdowling"
                }
            ],
            "description": "Retries failed HTTP requests using customizable retry strategies (Guzzle 4+)",
            "homepage": "http://guzzlephp.org/",
            "keywords": [
                "Guzzle",
                "http",
                "retry"
            ],
            "time": "2014-12-19 20:42:37"
        },
        {
            "name": "guzzlehttp/ringphp",
            "version": "1.1.0",
            "source": {
                "type": "git",
                "url": "https://github.com/guzzle/RingPHP.git",
                "reference": "dbbb91d7f6c191e5e405e900e3102ac7f261bc0b"
            },
            "dist": {
                "type": "zip",
                "url": "https://api.github.com/repos/guzzle/RingPHP/zipball/dbbb91d7f6c191e5e405e900e3102ac7f261bc0b",
                "reference": "dbbb91d7f6c191e5e405e900e3102ac7f261bc0b",
                "shasum": ""
            },
            "require": {
                "guzzlehttp/streams": "~3.0",
                "php": ">=5.4.0",
                "react/promise": "~2.0"
            },
            "require-dev": {
                "ext-curl": "*",
                "phpunit/phpunit": "~4.0"
            },
            "suggest": {
                "ext-curl": "Guzzle will use specific adapters if cURL is present"
            },
            "type": "library",
            "extra": {
                "branch-alias": {
                    "dev-master": "1.1-dev"
                }
            },
            "autoload": {
                "psr-4": {
                    "GuzzleHttp\\Ring\\": "src/"
                }
            },
            "notification-url": "https://packagist.org/downloads/",
            "license": [
                "MIT"
            ],
            "authors": [
                {
                    "name": "Michael Dowling",
                    "email": "mtdowling@gmail.com",
                    "homepage": "https://github.com/mtdowling"
                }
            ],
            "description": "Provides a simple API and specification that abstracts away the details of HTTP into a single PHP function.",
            "time": "2015-05-20 03:37:09"
        },
        {
            "name": "guzzlehttp/streams",
            "version": "3.0.0",
            "source": {
                "type": "git",
                "url": "https://github.com/guzzle/streams.git",
                "reference": "47aaa48e27dae43d39fc1cea0ccf0d84ac1a2ba5"
            },
            "dist": {
                "type": "zip",
                "url": "https://api.github.com/repos/guzzle/streams/zipball/47aaa48e27dae43d39fc1cea0ccf0d84ac1a2ba5",
                "reference": "47aaa48e27dae43d39fc1cea0ccf0d84ac1a2ba5",
                "shasum": ""
            },
            "require": {
                "php": ">=5.4.0"
            },
            "require-dev": {
                "phpunit/phpunit": "~4.0"
            },
            "type": "library",
            "extra": {
                "branch-alias": {
                    "dev-master": "3.0-dev"
                }
            },
            "autoload": {
                "psr-4": {
                    "GuzzleHttp\\Stream\\": "src/"
                }
            },
            "notification-url": "https://packagist.org/downloads/",
            "license": [
                "MIT"
            ],
            "authors": [
                {
                    "name": "Michael Dowling",
                    "email": "mtdowling@gmail.com",
                    "homepage": "https://github.com/mtdowling"
                }
            ],
            "description": "Provides a simple abstraction over streams of data",
            "homepage": "http://guzzlephp.org/",
            "keywords": [
                "Guzzle",
                "stream"
            ],
            "time": "2014-10-12 19:18:40"
        },
        {
            "name": "psr/log",
            "version": "1.0.0",
            "source": {
                "type": "git",
                "url": "https://github.com/php-fig/log.git",
                "reference": "fe0936ee26643249e916849d48e3a51d5f5e278b"
            },
            "dist": {
                "type": "zip",
                "url": "https://api.github.com/repos/php-fig/log/zipball/fe0936ee26643249e916849d48e3a51d5f5e278b",
                "reference": "fe0936ee26643249e916849d48e3a51d5f5e278b",
                "shasum": ""
            },
            "type": "library",
            "autoload": {
                "psr-0": {
                    "Psr\\Log\\": ""
                }
            },
            "notification-url": "https://packagist.org/downloads/",
            "license": [
                "MIT"
            ],
            "authors": [
                {
                    "name": "PHP-FIG",
                    "homepage": "http://www.php-fig.org/"
                }
            ],
            "description": "Common interface for logging libraries",
            "keywords": [
                "log",
                "psr",
                "psr-3"
            ],
            "time": "2012-12-21 11:40:51"
        },
        {
            "name": "react/promise",
            "version": "v2.2.1",
            "source": {
                "type": "git",
                "url": "https://github.com/reactphp/promise.git",
                "reference": "3b6fca09c7d56321057fa8867c8dbe1abf648627"
            },
            "dist": {
                "type": "zip",
                "url": "https://api.github.com/repos/reactphp/promise/zipball/3b6fca09c7d56321057fa8867c8dbe1abf648627",
                "reference": "3b6fca09c7d56321057fa8867c8dbe1abf648627",
                "shasum": ""
            },
            "require": {
                "php": ">=5.4.0"
            },
            "type": "library",
            "extra": {
                "branch-alias": {
                    "dev-master": "2.0-dev"
                }
            },
            "autoload": {
                "psr-4": {
                    "React\\Promise\\": "src/"
                },
                "files": [
                    "src/functions_include.php"
                ]
            },
            "notification-url": "https://packagist.org/downloads/",
            "license": [
                "MIT"
            ],
            "authors": [
                {
                    "name": "Jan Sorgalla",
                    "email": "jsorgalla@gmail.com"
                }
            ],
            "description": "A lightweight implementation of CommonJS Promises/A for PHP",
            "time": "2015-07-03 13:48:55"
        },
        {
            "name": "symfony/console",
            "version": "v3.0.1",
            "source": {
                "type": "git",
                "url": "https://github.com/symfony/console.git",
                "reference": "ebcdc507829df915f4ca23067bd59ee4ef61f6c3"
            },
            "dist": {
                "type": "zip",
                "url": "https://api.github.com/repos/symfony/console/zipball/ebcdc507829df915f4ca23067bd59ee4ef61f6c3",
                "reference": "ebcdc507829df915f4ca23067bd59ee4ef61f6c3",
                "shasum": ""
            },
            "require": {
                "php": ">=5.5.9",
                "symfony/polyfill-mbstring": "~1.0"
            },
            "require-dev": {
                "psr/log": "~1.0",
                "symfony/event-dispatcher": "~2.8|~3.0",
                "symfony/process": "~2.8|~3.0"
            },
            "suggest": {
                "psr/log": "For using the console logger",
                "symfony/event-dispatcher": "",
                "symfony/process": ""
            },
            "type": "library",
            "extra": {
                "branch-alias": {
                    "dev-master": "3.0-dev"
                }
            },
            "autoload": {
                "psr-4": {
                    "Symfony\\Component\\Console\\": ""
                },
                "exclude-from-classmap": [
                    "/Tests/"
                ]
            },
            "notification-url": "https://packagist.org/downloads/",
            "license": [
                "MIT"
            ],
            "authors": [
                {
                    "name": "Fabien Potencier",
                    "email": "fabien@symfony.com"
                },
                {
                    "name": "Symfony Community",
                    "homepage": "https://symfony.com/contributors"
                }
            ],
            "description": "Symfony Console Component",
            "homepage": "https://symfony.com",
            "time": "2015-12-22 10:39:06"
        },
        {
            "name": "symfony/polyfill-mbstring",
            "version": "v1.0.1",
            "source": {
                "type": "git",
                "url": "https://github.com/symfony/polyfill-mbstring.git",
                "reference": "49ff736bd5d41f45240cec77b44967d76e0c3d25"
            },
            "dist": {
                "type": "zip",
                "url": "https://api.github.com/repos/symfony/polyfill-mbstring/zipball/49ff736bd5d41f45240cec77b44967d76e0c3d25",
                "reference": "49ff736bd5d41f45240cec77b44967d76e0c3d25",
                "shasum": ""
            },
            "require": {
                "php": ">=5.3.3"
            },
            "suggest": {
                "ext-mbstring": "For best performance"
            },
            "type": "library",
            "extra": {
                "branch-alias": {
                    "dev-master": "1.0-dev"
                }
            },
            "autoload": {
                "psr-4": {
                    "Symfony\\Polyfill\\Mbstring\\": ""
                },
                "files": [
                    "bootstrap.php"
                ]
            },
            "notification-url": "https://packagist.org/downloads/",
            "license": [
                "MIT"
            ],
            "authors": [
                {
                    "name": "Nicolas Grekas",
                    "email": "p@tchwork.com"
                },
                {
                    "name": "Symfony Community",
                    "homepage": "https://symfony.com/contributors"
                }
            ],
            "description": "Symfony polyfill for the Mbstring extension",
            "homepage": "https://symfony.com",
            "keywords": [
                "compatibility",
                "mbstring",
                "polyfill",
                "portable",
                "shim"
            ],
            "time": "2015-11-20 09:19:13"
        },
        {
            "name": "symfony/yaml",
            "version": "v3.0.1",
            "source": {
                "type": "git",
                "url": "https://github.com/symfony/yaml.git",
                "reference": "3df409958a646dad2bc5046c3fb671ee24a1a691"
            },
            "dist": {
                "type": "zip",
                "url": "https://api.github.com/repos/symfony/yaml/zipball/3df409958a646dad2bc5046c3fb671ee24a1a691",
                "reference": "3df409958a646dad2bc5046c3fb671ee24a1a691",
                "shasum": ""
            },
            "require": {
                "php": ">=5.5.9"
            },
            "type": "library",
            "extra": {
                "branch-alias": {
                    "dev-master": "3.0-dev"
                }
            },
            "autoload": {
                "psr-4": {
                    "Symfony\\Component\\Yaml\\": ""
                },
                "exclude-from-classmap": [
                    "/Tests/"
                ]
            },
            "notification-url": "https://packagist.org/downloads/",
            "license": [
                "MIT"
            ],
            "authors": [
                {
                    "name": "Fabien Potencier",
                    "email": "fabien@symfony.com"
                },
                {
                    "name": "Symfony Community",
                    "homepage": "https://symfony.com/contributors"
                }
            ],
            "description": "Symfony Yaml Component",
            "homepage": "https://symfony.com",
            "time": "2015-12-26 13:39:53"
        }
    ],
    "packages-dev": [
        {
            "name": "symfony/var-dumper",
            "version": "v3.0.1",
            "source": {
                "type": "git",
                "url": "https://github.com/symfony/var-dumper.git",
                "reference": "87db8700deb12ba2b65e858f656a1f885530bcb0"
            },
            "dist": {
                "type": "zip",
                "url": "https://api.github.com/repos/symfony/var-dumper/zipball/87db8700deb12ba2b65e858f656a1f885530bcb0",
                "reference": "87db8700deb12ba2b65e858f656a1f885530bcb0",
                "shasum": ""
            },
            "require": {
                "php": ">=5.5.9",
                "symfony/polyfill-mbstring": "~1.0"
            },
            "require-dev": {
                "twig/twig": "~1.20|~2.0"
            },
            "suggest": {
                "ext-symfony_debug": ""
            },
            "type": "library",
            "extra": {
                "branch-alias": {
                    "dev-master": "3.0-dev"
                }
            },
            "autoload": {
                "files": [
                    "Resources/functions/dump.php"
                ],
                "psr-4": {
                    "Symfony\\Component\\VarDumper\\": ""
                },
                "exclude-from-classmap": [
                    "/Tests/"
                ]
            },
            "notification-url": "https://packagist.org/downloads/",
            "license": [
                "MIT"
            ],
            "authors": [
                {
                    "name": "Nicolas Grekas",
                    "email": "p@tchwork.com"
                },
                {
                    "name": "Symfony Community",
                    "homepage": "https://symfony.com/contributors"
                }
            ],
            "description": "Symfony mechanism for exploring and dumping PHP variables",
            "homepage": "https://symfony.com",
            "keywords": [
                "debug",
                "dump"
            ],
            "time": "2015-12-05 11:13:14"
        }
    ],
    "aliases": [],
    "minimum-stability": "stable",
    "stability-flags": {
        "archi-strasbourg/archi-wiki": 20
    },
    "prefer-stable": false,
    "prefer-lowest": false,
    "platform": [],
    "platform-dev": []
}
